// !$*UTF8*$!
{
	archiveVersion = 1;
	classes = {
	};
	objectVersion = 50;
	objects = {

/* Begin PBXBuildFile section */
		3C9AB81F21624073003BCFCE /* AppDelegate.swift in Sources */ = {isa = PBXBuildFile; fileRef = 3C9AB81E21624073003BCFCE /* AppDelegate.swift */; };
		3CA6B08321F6459300702E15 /* NoteBook.storyboard in Resources */ = {isa = PBXBuildFile; fileRef = 3CA6B08221F6459300702E15 /* NoteBook.storyboard */; };
		3CA6B08521F645B200702E15 /* README.txt in Resources */ = {isa = PBXBuildFile; fileRef = 3CA6B08421F645B200702E15 /* README.txt */; };
		3CA6B08A21F648CE00702E15 /* NoteBook.xcdatamodeld in Sources */ = {isa = PBXBuildFile; fileRef = 3CA6B08821F648CE00702E15 /* NoteBook.xcdatamodeld */; };
		3CA6B08C21F6537400702E15 /* Default-568h@2x.png in Resources */ = {isa = PBXBuildFile; fileRef = 3CA6B08B21F6537400702E15 /* Default-568h@2x.png */; };
		3CA6B08F21F6546A00702E15 /* LaunchScreen.storyboard in Resources */ = {isa = PBXBuildFile; fileRef = 3CA6B08D21F6546900702E15 /* LaunchScreen.storyboard */; };
		3CC4B7AC21EE76490020AF7E /* README_CoreData.txt in Resources */ = {isa = PBXBuildFile; fileRef = 3CC4B7AB21EE76490020AF7E /* README_CoreData.txt */; };
		3CC4B7AF21EE77770020AF7E /* Assets.xcassets in Resources */ = {isa = PBXBuildFile; fileRef = 3CC4B7AE21EE77770020AF7E /* Assets.xcassets */; };
		3CC4B7C021EE7BB90020AF7E /* NoteBook_VC.swift in Sources */ = {isa = PBXBuildFile; fileRef = 3CC4B7BF21EE7BB90020AF7E /* NoteBook_VC.swift */; };
		3CC4B7C221F0B78B0020AF7E /* CoreDataManager.swift in Sources */ = {isa = PBXBuildFile; fileRef = 3CC4B7C121F0B78B0020AF7E /* CoreDataManager.swift */; };
/* End PBXBuildFile section */

/* Begin PBXFileReference section */
		3C9AB81B21624073003BCFCE /* CoreDataStack.app */ = {isa = PBXFileReference; explicitFileType = wrapper.application; includeInIndex = 0; path = CoreDataStack.app; sourceTree = BUILT_PRODUCTS_DIR; };
		3C9AB81E21624073003BCFCE /* AppDelegate.swift */ = {isa = PBXFileReference; lastKnownFileType = sourcecode.swift; path = AppDelegate.swift; sourceTree = "<group>"; };
		3CA6B08221F6459300702E15 /* NoteBook.storyboard */ = {isa = PBXFileReference; fileEncoding = 4; lastKnownFileType = file.storyboard; name = NoteBook.storyboard; path = Storyboards/NoteBook.storyboard; sourceTree = "<group>"; };
		3CA6B08421F645B200702E15 /* README.txt */ = {isa = PBXFileReference; fileEncoding = 4; lastKnownFileType = text; path = README.txt; sourceTree = "<group>"; };
		3CA6B08921F648CE00702E15 /* NoteBook.xcdatamodel */ = {isa = PBXFileReference; lastKnownFileType = wrapper.xcdatamodel; path = NoteBook.xcdatamodel; sourceTree = "<group>"; };
		3CA6B08B21F6537400702E15 /* Default-568h@2x.png */ = {isa = PBXFileReference; lastKnownFileType = image.png; path = "Default-568h@2x.png"; sourceTree = "<group>"; };
		3CA6B08E21F6546900702E15 /* Base */ = {isa = PBXFileReference; lastKnownFileType = file.storyboard; name = Base; path = Storyboards/Base.lproj/LaunchScreen.storyboard; sourceTree = "<group>"; };
		3CC4B7AB21EE76490020AF7E /* README_CoreData.txt */ = {isa = PBXFileReference; fileEncoding = 4; lastKnownFileType = text; path = README_CoreData.txt; sourceTree = "<group>"; };
		3CC4B7AE21EE77770020AF7E /* Assets.xcassets */ = {isa = PBXFileReference; lastKnownFileType = folder.assetcatalog; name = Assets.xcassets; path = Resources/Assets.xcassets; sourceTree = "<group>"; };
		3CC4B7BF21EE7BB90020AF7E /* NoteBook_VC.swift */ = {isa = PBXFileReference; fileEncoding = 4; lastKnownFileType = sourcecode.swift; name = NoteBook_VC.swift; path = ViewControllers/Notes/NoteBook_VC.swift; sourceTree = "<group>"; };
		3CC4B7C121F0B78B0020AF7E /* CoreDataManager.swift */ = {isa = PBXFileReference; lastKnownFileType = sourcecode.swift; name = CoreDataManager.swift; path = Managers/CoreDataManager.swift; sourceTree = "<group>"; };
		3CE05A6121F8ECFE00998D8D /* Info.plist */ = {isa = PBXFileReference; fileEncoding = 4; lastKnownFileType = text.plist.xml; name = Info.plist; path = SupportingFiles/Info.plist; sourceTree = "<group>"; };
/* End PBXFileReference section */

/* Begin PBXFrameworksBuildPhase section */
		3C9AB81821624073003BCFCE /* Frameworks */ = {
			isa = PBXFrameworksBuildPhase;
			buildActionMask = 2147483647;
			files = (
			);
			runOnlyForDeploymentPostprocessing = 0;
		};
/* End PBXFrameworksBuildPhase section */

/* Begin PBXGroup section */
		3C9AB81221624073003BCFCE = {
			isa = PBXGroup;
			children = (
				3C9AB81D21624073003BCFCE /* CoreDataStack */,
				3CC4B7AA21EE76200020AF7E /* SupportingFiles */,
				3C9AB81C21624073003BCFCE /* Products */,
			);
			sourceTree = "<group>";
		};
		3C9AB81C21624073003BCFCE /* Products */ = {
			isa = PBXGroup;
			children = (
				3C9AB81B21624073003BCFCE /* CoreDataStack.app */,
			);
			name = Products;
			sourceTree = "<group>";
		};
		3C9AB81D21624073003BCFCE /* CoreDataStack */ = {
			isa = PBXGroup;
			children = (
				3CA6B08421F645B200702E15 /* README.txt */,
				3CC4B7AB21EE76490020AF7E /* README_CoreData.txt */,
				3C9AB81E21624073003BCFCE /* AppDelegate.swift */,
				3C9AB831216241A0003BCFCE /* StoryBoards */,
				3C9AB839216288A8003BCFCE /* CoreData */,
				3C9AB832216241F1003BCFCE /* ViewControllers */,
				3CC4B7A821EE750C0020AF7E /* Extensions */,
				3CC4B7A921EE760C0020AF7E /* Managers */,
				3CC4B7AD21EE76B40020AF7E /* Resources */,
			);
			path = CoreDataStack;
			sourceTree = "<group>";
		};
		3C9AB831216241A0003BCFCE /* StoryBoards */ = {
			isa = PBXGroup;
			children = (
				3CA6B08D21F6546900702E15 /* LaunchScreen.storyboard */,
				3CA6B08221F6459300702E15 /* NoteBook.storyboard */,
			);
			name = StoryBoards;
			sourceTree = "<group>";
		};
		3C9AB832216241F1003BCFCE /* ViewControllers */ = {
			isa = PBXGroup;
			children = (
				3CC4B7BE21EE7B4D0020AF7E /* Categories */,
				3CC4B7BC21EE7B2F0020AF7E /* Notes */,
				3CC4B7BD21EE7B3E0020AF7E /* Tags */,
			);
			name = ViewControllers;
			sourceTree = "<group>";
		};
		3C9AB839216288A8003BCFCE /* CoreData */ = {
			isa = PBXGroup;
			children = (
				3CA6B08821F648CE00702E15 /* NoteBook.xcdatamodeld */,
				3CC4B7B221EE77EA0020AF7E /* Extensions */,
			);
			name = CoreData;
			sourceTree = "<group>";
		};
		3CC4B7A821EE750C0020AF7E /* Extensions */ = {
			isa = PBXGroup;
			children = (
			);
			name = Extensions;
			sourceTree = "<group>";
		};
		3CC4B7A921EE760C0020AF7E /* Managers */ = {
			isa = PBXGroup;
			children = (
				3CC4B7C121F0B78B0020AF7E /* CoreDataManager.swift */,
			);
			name = Managers;
			sourceTree = "<group>";
		};
		3CC4B7AA21EE76200020AF7E /* SupportingFiles */ = {
			isa = PBXGroup;
			children = (
				3CE05A6121F8ECFE00998D8D /* Info.plist */,
			);
			name = SupportingFiles;
			path = CoreDataStack;
			sourceTree = "<group>";
		};
		3CC4B7AD21EE76B40020AF7E /* Resources */ = {
			isa = PBXGroup;
			children = (
				3CA6B08B21F6537400702E15 /* Default-568h@2x.png */,
				3CC4B7AE21EE77770020AF7E /* Assets.xcassets */,
			);
			name = Resources;
			sourceTree = "<group>";
		};
		3CC4B7B221EE77EA0020AF7E /* Extensions */ = {
			isa = PBXGroup;
			children = (
			);
			name = Extensions;
			sourceTree = "<group>";
		};
		3CC4B7BC21EE7B2F0020AF7E /* Notes */ = {
			isa = PBXGroup;
			children = (
				3CC4B7BF21EE7BB90020AF7E /* NoteBook_VC.swift */,
			);
			name = Notes;
			sourceTree = "<group>";
		};
		3CC4B7BD21EE7B3E0020AF7E /* Tags */ = {
			isa = PBXGroup;
			children = (
			);
			name = Tags;
			sourceTree = "<group>";
		};
		3CC4B7BE21EE7B4D0020AF7E /* Categories */ = {
			isa = PBXGroup;
			children = (
			);
			name = Categories;
			sourceTree = "<group>";
		};
/* End PBXGroup section */

/* Begin PBXNativeTarget section */
		3C9AB81A21624073003BCFCE /* CoreDataStack */ = {
			isa = PBXNativeTarget;
			buildConfigurationList = 3C9AB82D21624074003BCFCE /* Build configuration list for PBXNativeTarget "CoreDataStack" */;
			buildPhases = (
				3C9AB81721624073003BCFCE /* Sources */,
				3C9AB81821624073003BCFCE /* Frameworks */,
				3C9AB81921624073003BCFCE /* Resources */,
			);
			buildRules = (
			);
			dependencies = (
			);
			name = CoreDataStack;
			productName = CoreDataStack;
			productReference = 3C9AB81B21624073003BCFCE /* CoreDataStack.app */;
			productType = "com.apple.product-type.application";
		};
/* End PBXNativeTarget section */

/* Begin PBXProject section */
		3C9AB81321624073003BCFCE /* Project object */ = {
			isa = PBXProject;
			attributes = {
				LastSwiftUpdateCheck = 1010;
				LastUpgradeCheck = 1010;
				ORGANIZATIONNAME = "Frank Cipolla";
				TargetAttributes = {
					3C9AB81A21624073003BCFCE = {
						CreatedOnToolsVersion = 10.1;
					};
				};
			};
			buildConfigurationList = 3C9AB81621624073003BCFCE /* Build configuration list for PBXProject "CoreDataStack" */;
			compatibilityVersion = "Xcode 9.3";
			developmentRegion = en;
			hasScannedForEncodings = 0;
			knownRegions = (
				en,
				Base,
			);
			mainGroup = 3C9AB81221624073003BCFCE;
			productRefGroup = 3C9AB81C21624073003BCFCE /* Products */;
			projectDirPath = "";
			projectRoot = "";
			targets = (
				3C9AB81A21624073003BCFCE /* CoreDataStack */,
			);
		};
/* End PBXProject section */

/* Begin PBXResourcesBuildPhase section */
		3C9AB81921624073003BCFCE /* Resources */ = {
			isa = PBXResourcesBuildPhase;
			buildActionMask = 2147483647;
			files = (
				3CA6B08521F645B200702E15 /* README.txt in Resources */,
				3CC4B7AC21EE76490020AF7E /* README_CoreData.txt in Resources */,
				3CC4B7AF21EE77770020AF7E /* Assets.xcassets in Resources */,
				3CA6B08F21F6546A00702E15 /* LaunchScreen.storyboard in Resources */,
				3CA6B08C21F6537400702E15 /* Default-568h@2x.png in Resources */,
				3CA6B08321F6459300702E15 /* NoteBook.storyboard in Resources */,
			);
			runOnlyForDeploymentPostprocessing = 0;
		};
/* End PBXResourcesBuildPhase section */

/* Begin PBXSourcesBuildPhase section */
		3C9AB81721624073003BCFCE /* Sources */ = {
			isa = PBXSourcesBuildPhase;
			buildActionMask = 2147483647;
			files = (
				3C9AB81F21624073003BCFCE /* AppDelegate.swift in Sources */,
				3CC4B7C221F0B78B0020AF7E /* CoreDataManager.swift in Sources */,
				3CA6B08A21F648CE00702E15 /* NoteBook.xcdatamodeld in Sources */,
				3CC4B7C021EE7BB90020AF7E /* NoteBook_VC.swift in Sources */,
			);
			runOnlyForDeploymentPostprocessing = 0;
		};
/* End PBXSourcesBuildPhase section */

/* Begin PBXVariantGroup section */
		3CA6B08D21F6546900702E15 /* LaunchScreen.storyboard */ = {
			isa = PBXVariantGroup;
			children = (
				3CA6B08E21F6546900702E15 /* Base */,
			);
			name = LaunchScreen.storyboard;
			sourceTree = "<group>";
		};
/* End PBXVariantGroup section */

/* Begin XCBuildConfiguration section */
		3C9AB82B21624074003BCFCE /* Debug */ = {
			isa = XCBuildConfiguration;
			buildSettings = {
				ALWAYS_SEARCH_USER_PATHS = NO;
				CLANG_ANALYZER_NONNULL = YES;
				CLANG_ANALYZER_NUMBER_OBJECT_CONVERSION = YES_AGGRESSIVE;
				CLANG_CXX_LANGUAGE_STANDARD = "gnu++14";
				CLANG_CXX_LIBRARY = "libc++";
				CLANG_ENABLE_MODULES = YES;
				CLANG_ENABLE_OBJC_ARC = YES;
				CLANG_ENABLE_OBJC_WEAK = YES;
				CLANG_WARN_BLOCK_CAPTURE_AUTORELEASING = YES;
				CLANG_WARN_BOOL_CONVERSION = YES;
				CLANG_WARN_COMMA = YES;
				CLANG_WARN_CONSTANT_CONVERSION = YES;
				CLANG_WARN_DEPRECATED_OBJC_IMPLEMENTATIONS = YES;
				CLANG_WARN_DIRECT_OBJC_ISA_USAGE = YES_ERROR;
				CLANG_WARN_DOCUMENTATION_COMMENTS = YES;
				CLANG_WARN_EMPTY_BODY = YES;
				CLANG_WARN_ENUM_CONVERSION = YES;
				CLANG_WARN_INFINITE_RECURSION = YES;
				CLANG_WARN_INT_CONVERSION = YES;
				CLANG_WARN_NON_LITERAL_NULL_CONVERSION = YES;
				CLANG_WARN_OBJC_IMPLICIT_RETAIN_SELF = YES;
				CLANG_WARN_OBJC_LITERAL_CONVERSION = YES;
				CLANG_WARN_OBJC_ROOT_CLASS = YES_ERROR;
				CLANG_WARN_RANGE_LOOP_ANALYSIS = YES;
				CLANG_WARN_STRICT_PROTOTYPES = YES;
				CLANG_WARN_SUSPICIOUS_MOVE = YES;
				CLANG_WARN_UNGUARDED_AVAILABILITY = YES_AGGRESSIVE;
				CLANG_WARN_UNREACHABLE_CODE = YES;
				CLANG_WARN__DUPLICATE_METHOD_MATCH = YES;
				CODE_SIGN_IDENTITY = "iPhone Developer";
				COPY_PHASE_STRIP = NO;
				DEBUG_INFORMATION_FORMAT = dwarf;
				ENABLE_STRICT_OBJC_MSGSEND = YES;
				ENABLE_TESTABILITY = YES;
				GCC_C_LANGUAGE_STANDARD = gnu11;
				GCC_DYNAMIC_NO_PIC = NO;
				GCC_NO_COMMON_BLOCKS = YES;
				GCC_OPTIMIZATION_LEVEL = 0;
				GCC_PREPROCESSOR_DEFINITIONS = (
					"DEBUG=1",
					"$(inherited)",
				);
				GCC_WARN_64_TO_32_BIT_CONVERSION = YES;
				GCC_WARN_ABOUT_RETURN_TYPE = YES_ERROR;
				GCC_WARN_UNDECLARED_SELECTOR = YES;
				GCC_WARN_UNINITIALIZED_AUTOS = YES_AGGRESSIVE;
				GCC_WARN_UNUSED_FUNCTION = YES;
				GCC_WARN_UNUSED_VARIABLE = YES;
				IPHONEOS_DEPLOYMENT_TARGET = 12.1;
				MTL_ENABLE_DEBUG_INFO = INCLUDE_SOURCE;
				MTL_FAST_MATH = YES;
				ONLY_ACTIVE_ARCH = YES;
				SDKROOT = iphoneos;
				SWIFT_ACTIVE_COMPILATION_CONDITIONS = DEBUG;
				SWIFT_OPTIMIZATION_LEVEL = "-Onone";
			};
			name = Debug;
		};
		3C9AB82C21624074003BCFCE /* Release */ = {
			isa = XCBuildConfiguration;
			buildSettings = {
				ALWAYS_SEARCH_USER_PATHS = NO;
				CLANG_ANALYZER_NONNULL = YES;
				CLANG_ANALYZER_NUMBER_OBJECT_CONVERSION = YES_AGGRESSIVE;
				CLANG_CXX_LANGUAGE_STANDARD = "gnu++14";
				CLANG_CXX_LIBRARY = "libc++";
				CLANG_ENABLE_MODULES = YES;
				CLANG_ENABLE_OBJC_ARC = YES;
				CLANG_ENABLE_OBJC_WEAK = YES;
				CLANG_WARN_BLOCK_CAPTURE_AUTORELEASING = YES;
				CLANG_WARN_BOOL_CONVERSION = YES;
				CLANG_WARN_COMMA = YES;
				CLANG_WARN_CONSTANT_CONVERSION = YES;
				CLANG_WARN_DEPRECATED_OBJC_IMPLEMENTATIONS = YES;
				CLANG_WARN_DIRECT_OBJC_ISA_USAGE = YES_ERROR;
				CLANG_WARN_DOCUMENTATION_COMMENTS = YES;
				CLANG_WARN_EMPTY_BODY = YES;
				CLANG_WARN_ENUM_CONVERSION = YES;
				CLANG_WARN_INFINITE_RECURSION = YES;
				CLANG_WARN_INT_CONVERSION = YES;
				CLANG_WARN_NON_LITERAL_NULL_CONVERSION = YES;
				CLANG_WARN_OBJC_IMPLICIT_RETAIN_SELF = YES;
				CLANG_WARN_OBJC_LITERAL_CONVERSION = YES;
				CLANG_WARN_OBJC_ROOT_CLASS = YES_ERROR;
				CLANG_WARN_RANGE_LOOP_ANALYSIS = YES;
				CLANG_WARN_STRICT_PROTOTYPES = YES;
				CLANG_WARN_SUSPICIOUS_MOVE = YES;
				CLANG_WARN_UNGUARDED_AVAILABILITY = YES_AGGRESSIVE;
				CLANG_WARN_UNREACHABLE_CODE = YES;
				CLANG_WARN__DUPLICATE_METHOD_MATCH = YES;
				CODE_SIGN_IDENTITY = "iPhone Developer";
				COPY_PHASE_STRIP = NO;
				DEBUG_INFORMATION_FORMAT = "dwarf-with-dsym";
				ENABLE_NS_ASSERTIONS = NO;
				ENABLE_STRICT_OBJC_MSGSEND = YES;
				GCC_C_LANGUAGE_STANDARD = gnu11;
				GCC_NO_COMMON_BLOCKS = YES;
				GCC_WARN_64_TO_32_BIT_CONVERSION = YES;
				GCC_WARN_ABOUT_RETURN_TYPE = YES_ERROR;
				GCC_WARN_UNDECLARED_SELECTOR = YES;
				GCC_WARN_UNINITIALIZED_AUTOS = YES_AGGRESSIVE;
				GCC_WARN_UNUSED_FUNCTION = YES;
				GCC_WARN_UNUSED_VARIABLE = YES;
				IPHONEOS_DEPLOYMENT_TARGET = 12.1;
				MTL_ENABLE_DEBUG_INFO = NO;
				MTL_FAST_MATH = YES;
				SDKROOT = iphoneos;
				SWIFT_COMPILATION_MODE = wholemodule;
				SWIFT_OPTIMIZATION_LEVEL = "-O";
				VALIDATE_PRODUCT = YES;
			};
			name = Release;
		};
		3C9AB82E21624074003BCFCE /* Debug */ = {
			isa = XCBuildConfiguration;
			buildSettings = {
				ASSETCATALOG_COMPILER_APPICON_NAME = AppIcon;
				CODE_SIGN_STYLE = Automatic;
				DEVELOPMENT_TEAM = N24V4NH8BJ;
				INFOPLIST_FILE = CoreDataStack/SupportingFiles/Info.plist;
				LD_RUNPATH_SEARCH_PATHS = (
					"$(inherited)",
					"@executable_path/Frameworks",
				);
				PRODUCT_BUNDLE_IDENTIFIER = com.dandylion.CoreDataStack;
				PRODUCT_NAME = "$(TARGET_NAME)";
				SWIFT_VERSION = 4.2;
				TARGETED_DEVICE_FAMILY = "1,2";
			};
			name = Debug;
		};
		3C9AB82F21624074003BCFCE /* Release */ = {
			isa = XCBuildConfiguration;
			buildSettings = {
				ASSETCATALOG_COMPILER_APPICON_NAME = AppIcon;
				CODE_SIGN_STYLE = Automatic;
				DEVELOPMENT_TEAM = N24V4NH8BJ;
				INFOPLIST_FILE = CoreDataStack/SupportingFiles/Info.plist;
				LD_RUNPATH_SEARCH_PATHS = (
					"$(inherited)",
					"@executable_path/Frameworks",
				);
				PRODUCT_BUNDLE_IDENTIFIER = com.dandylion.CoreDataStack;
				PRODUCT_NAME = "$(TARGET_NAME)";
				SWIFT_VERSION = 4.2;
				TARGETED_DEVICE_FAMILY = "1,2";
			};
			name = Release;
		};
/* End XCBuildConfiguration section */

/* Begin XCConfigurationList section */
		3C9AB81621624073003BCFCE /* Build configuration list for PBXProject "CoreDataStack" */ = {
			isa = XCConfigurationList;
			buildConfigurations = (
				3C9AB82B21624074003BCFCE /* Debug */,
				3C9AB82C21624074003BCFCE /* Release */,
			);
			defaultConfigurationIsVisible = 0;
			defaultConfigurationName = Release;
		};
		3C9AB82D21624074003BCFCE /* Build configuration list for PBXNativeTarget "CoreDataStack" */ = {
			isa = XCConfigurationList;
			buildConfigurations = (
				3C9AB82E21624074003BCFCE /* Debug */,
				3C9AB82F21624074003BCFCE /* Release */,
			);
			defaultConfigurationIsVisible = 0;
			defaultConfigurationName = Release;
		};
/* End XCConfigurationList section */

/* Begin XCVersionGroup section */
		3CA6B08821F648CE00702E15 /* NoteBook.xcdatamodeld */ = {
			isa = XCVersionGroup;
			children = (
				3CA6B08921F648CE00702E15 /* NoteBook.xcdatamodel */,
			);
			currentVersion = 3CA6B08921F648CE00702E15 /* NoteBook.xcdatamodel */;
			name = NoteBook.xcdatamodeld;
			path = CoreData/NoteBook.xcdatamodeld;
			sourceTree = "<group>";
			versionGroupType = wrapper.xcdatamodel;
		};
/* End XCVersionGroup section */
	};
	rootObject = 3C9AB81321624073003BCFCE /* Project object */;
}
